
Microsoft Visual Studio Solution File, Format Version 12.00
# Visual Studio 15
VisualStudioVersion = 15.0.27130.2036
MinimumVisualStudioVersion = 10.0.40219.1
Project("{9A19103F-16F7-4668-BE54-9A1E7A4F7556}") = "NOpt", "NOpt\NOpt.csproj", "{2145092A-100B-452C-AA82-D4202DEFD9D0}"
EndProject
Project("{9A19103F-16F7-4668-BE54-9A1E7A4F7556}") = "NOpt.Test", "NOpt.Test\NOpt.Test.csproj", "{6BDC2684-A378-428E-8A8E-83A0A1D15D81}"
EndProject
Project("{2150E333-8FDC-42A3-9474-1A3956D46DE8}") = "Solution Items", "Solution Items", "{129AF33C-7A35-4253-BEAD-18350F42A99D}"
	ProjectSection(SolutionItems) = preProject
		README.md = README.md
	EndProjectSection
EndProject
Global
	GlobalSection(SolutionConfigurationPlatforms) = preSolution
		Debug|Any CPU = Debug|Any CPU
		Release|Any CPU = Release|Any CPU
	EndGlobalSection
	GlobalSection(ProjectConfigurationPlatforms) = postSolution
		{2145092A-100B-452C-AA82-D4202DEFD9D0}.Debug|Any CPU.ActiveCfg = Debug|Any CPU
		{2145092A-100B-452C-AA82-D4202DEFD9D0}.Debug|Any CPU.Build.0 = Debug|Any CPU
		{2145092A-100B-452C-AA82-D4202DEFD9D0}.Release|Any CPU.ActiveCfg = Release|Any CPU
		{2145092A-100B-452C-AA82-D4202DEFD9D0}.Release|Any CPU.Build.0 = Release|Any CPU
		{6BDC2684-A378-428E-8A8E-83A0A1D15D81}.Debug|Any CPU.ActiveCfg = Debug|Any CPU
		{6BDC2684-A378-428E-8A8E-83A0A1D15D81}.Debug|Any CPU.Build.0 = Debug|Any CPU
		{6BDC2684-A378-428E-8A8E-83A0A1D15D81}.Release|Any CPU.ActiveCfg = Release|Any CPU
		{6BDC2684-A378-428E-8A8E-83A0A1D15D81}.Release|Any CPU.Build.0 = Release|Any CPU
	EndGlobalSection
	GlobalSection(SolutionProperties) = preSolution
		HideSolutionNode = FALSE
	EndGlobalSection
	GlobalSection(ExtensibilityGlobals) = postSolution
		SolutionGuid = {68F4F60D-4D4E-4BD8-AB48-F9D7FC6AD6F2}
	EndGlobalSection
EndGlobal
